
Microsoft Visual Studio Solution File, Format Version 12.00
# Visual Studio Version 16
VisualStudioVersion = 16.0.30517.126
MinimumVisualStudioVersion = 10.0.40219.1
Project("{FAE04EC0-301F-11D3-BF4B-00C04F79EFBC}") = "Yuenov-SDK", "Yuenov-SDK\Yuenov-SDK.csproj", "{F4D73D98-09FB-45CD-8980-9FE52E348F9B}"
EndProject
Project("{FAE04EC0-301F-11D3-BF4B-00C04F79EFBC}") = "Yuenov-ConsoleApp", "Yuenov-ConsoleApp\Yuenov-ConsoleApp.csproj", "{363F455D-A04D-4A8A-AA01-6FC9940D2AC6}"
EndProject
Global
	GlobalSection(SolutionConfigurationPlatforms) = preSolution
		Debug|Any CPU = Debug|Any CPU
		Release|Any CPU = Release|Any CPU
	EndGlobalSection
	GlobalSection(ProjectConfigurationPlatforms) = postSolution
		{F4D73D98-09FB-45CD-8980-9FE52E348F9B}.Debug|Any CPU.ActiveCfg = Debug|Any CPU
		{F4D73D98-09FB-45CD-8980-9FE52E348F9B}.Debug|Any CPU.Build.0 = Debug|Any CPU
		{F4D73D98-09FB-45CD-8980-9FE52E348F9B}.Release|Any CPU.ActiveCfg = Release|Any CPU
		{F4D73D98-09FB-45CD-8980-9FE52E348F9B}.Release|Any CPU.Build.0 = Release|Any CPU
		{363F455D-A04D-4A8A-AA01-6FC9940D2AC6}.Debug|Any CPU.ActiveCfg = Debug|Any CPU
		{363F455D-A04D-4A8A-AA01-6FC9940D2AC6}.Debug|Any CPU.Build.0 = Debug|Any CPU
		{363F455D-A04D-4A8A-AA01-6FC9940D2AC6}.Release|Any CPU.ActiveCfg = Release|Any CPU
		{363F455D-A04D-4A8A-AA01-6FC9940D2AC6}.Release|Any CPU.Build.0 = Release|Any CPU
	EndGlobalSection
	GlobalSection(SolutionProperties) = preSolution
		HideSolutionNode = FALSE
	EndGlobalSection
	GlobalSection(ExtensibilityGlobals) = postSolution
		SolutionGuid = {E086ABE0-E59E-4453-B4B0-B67339387463}
	EndGlobalSection
EndGlobal
